
Microsoft Visual Studio Solution File, Format Version 12.00
# Visual Studio Version 17
VisualStudioVersion = 17.7.34202.233
MinimumVisualStudioVersion = 10.0.40219.1
Project("{9A19103F-16F7-4668-BE54-9A1E7A4F7556}") = "ES6WebApi", "ES6WebApi\ES6WebApi.csproj", "{C3267444-88D9-4B30-8C4F-2566414EB3D0}"
EndProject
Project("{FAE04EC0-301F-11D3-BF4B-00C04F79EFBC}") = "ES6WebApi.Tests", "ES6WebApi.Tests\ES6WebApi.Tests.csproj", "{18D9613D-798C-425F-B802-712E5AA1C9FB}"
EndProject
Global
	GlobalSection(SolutionConfigurationPlatforms) = preSolution
		Debug|Any CPU = Debug|Any CPU
		Release|Any CPU = Release|Any CPU
	EndGlobalSection
	GlobalSection(ProjectConfigurationPlatforms) = postSolution
		{C3267444-88D9-4B30-8C4F-2566414EB3D0}.Debug|Any CPU.ActiveCfg = Debug|Any CPU
		{C3267444-88D9-4B30-8C4F-2566414EB3D0}.Debug|Any CPU.Build.0 = Debug|Any CPU
		{C3267444-88D9-4B30-8C4F-2566414EB3D0}.Release|Any CPU.ActiveCfg = Release|Any CPU
		{C3267444-88D9-4B30-8C4F-2566414EB3D0}.Release|Any CPU.Build.0 = Release|Any CPU
		{18D9613D-798C-425F-B802-712E5AA1C9FB}.Debug|Any CPU.ActiveCfg = Debug|Any CPU
		{18D9613D-798C-425F-B802-712E5AA1C9FB}.Debug|Any CPU.Build.0 = Debug|Any CPU
		{18D9613D-798C-425F-B802-712E5AA1C9FB}.Release|Any CPU.ActiveCfg = Release|Any CPU
		{18D9613D-798C-425F-B802-712E5AA1C9FB}.Release|Any CPU.Build.0 = Release|Any CPU
	EndGlobalSection
	GlobalSection(SolutionProperties) = preSolution
		HideSolutionNode = FALSE
	EndGlobalSection
	GlobalSection(ExtensibilityGlobals) = postSolution
		SolutionGuid = {14123F33-CCB9-4705-9089-DB539EAA5F18}
	EndGlobalSection
EndGlobal
